{
  "sources": {
    "vagrant-httpproxy": {
      "locked_version": "0.1.0",
      "git": "git://github.com/juliandunn/vagrant-httpproxy.git",
      "ref": "870928cc68f6b8eca033797784b367c14d69ad5f"
    },
    "app-wordpress": {
      "locked_version": "0.1.1",
      "git": "git://github.com/Azulinho/app-wordpress.git",
      "ref": "f2aafcd2630f98d8f661d7d2f2345e358d283caa"
    },
    "app-umbraco": {
      "locked_version": "0.1.0",
      "git": "git://github.com/Azulinho/app-umbraco.git",
      "ref": "486ff8c10b5deef4e191ced78f65bd8a908b8c5d"
    },
    "wrappers": {
      "locked_version": "0.1.0",
      "git": "git://github.com/Azulinho/wrappers.git",
      "ref": "4d1d42c8aceaf04c0a7d8534cba1514419bd6c3e"
    },
    "apt": {
      "locked_version": "2.3.0"
    },
    "yum": {
      "locked_version": "2.4.2"
    },
    "build-essential": {
      "locked_version": "1.4.2"
    },
    "chef_handler": {
      "locked_version": "1.1.4"
    },
    "runit": {
      "locked_version": "1.4.0"
    },
    "git": {
      "locked_version": "2.7.0"
    },
    "dmg": {
      "locked_version": "2.0.8"
    },
    "windows": {
      "locked_version": "1.11.0"
    },
    "xml": {
      "locked_version": "1.2.0"
    },
    "screen": {
      "locked_version": "0.8.0"
    },
    "users": {
      "locked_version": "1.6.0"
    },
    "sudo": {
      "locked_version": "2.2.2"
    },
    "memcached": {
      "locked_version": "1.6.2"
    },
    "fail2ban": {
      "locked_version": "2.0.0"
    },
    "mysql": {
      "locked_version": "4.0.6"
    },
    "openssl": {
      "locked_version": "1.1.0"
    },
    "php": {
      "locked_version": "1.2.6"
    },
    "postfix": {
      "locked_version": "3.0.4"
    },
    "wordpress": {
      "locked_version": "1.2.0"
    },
    "apache2": {
      "locked_version": "1.8.4"
    },
    "ms_dotnet4": {
      "locked_version": "1.0.2"
    },
    "ms_dotnet45": {
      "locked_version": "1.1.2"
    },
    "webpi": {
      "locked_version": "1.2.6"
    },
    "7-zip": {
      "locked_version": "1.0.2"
    },
    "powershell": {
      "locked_version": "1.1.2"
    },
    "iis": {
      "locked_version": "1.5.4"
    }
  }
}
